
Microsoft Visual Studio Solution File, Format Version 12.00
# Visual Studio 15
VisualStudioVersion = 15.0.28307.1169
MinimumVisualStudioVersion = 10.0.40219.1
Project("{FAE04EC0-301F-11D3-BF4B-00C04F79EFBC}") = "Cal", "Cal\Cal.csproj", "{777D5061-998B-4B93-9B78-54843747668E}"
EndProject
Global
	GlobalSection(SolutionConfigurationPlatforms) = preSolution
		Debug|Any CPU = Debug|Any CPU
		Release|Any CPU = Release|Any CPU
	EndGlobalSection
	GlobalSection(ProjectConfigurationPlatforms) = postSolution
		{777D5061-998B-4B93-9B78-54843747668E}.Debug|Any CPU.ActiveCfg = Debug|Any CPU
		{777D5061-998B-4B93-9B78-54843747668E}.Debug|Any CPU.Build.0 = Debug|Any CPU
		{777D5061-998B-4B93-9B78-54843747668E}.Release|Any CPU.ActiveCfg = Release|Any CPU
		{777D5061-998B-4B93-9B78-54843747668E}.Release|Any CPU.Build.0 = Release|Any CPU
	EndGlobalSection
	GlobalSection(SolutionProperties) = preSolution
		HideSolutionNode = FALSE
	EndGlobalSection
	GlobalSection(ExtensibilityGlobals) = postSolution
		SolutionGuid = {D7C9DF8F-AF84-42C4-9332-CA3A4F911063}
	EndGlobalSection
EndGlobal
